// !$*UTF8*$!
{
	archiveVersion = 1;
	classes = {
	};
	objectVersion = 50;
	objects = {

/* Begin PBXBuildFile section */
		96E2A86A217862590014D7AF /* AppDelegate.swift in Sources */ = {isa = PBXBuildFile; fileRef = 96E2A869217862590014D7AF /* AppDelegate.swift */; };
		96E2A86C217862590014D7AF /* ViewController.swift in Sources */ = {isa = PBXBuildFile; fileRef = 96E2A86B217862590014D7AF /* ViewController.swift */; };
		96E2A86F217862590014D7AF /* Main.storyboard in Resources */ = {isa = PBXBuildFile; fileRef = 96E2A86D217862590014D7AF /* Main.storyboard */; };
		96E2A872217862590014D7AF /* Swift.xcdatamodeld in Sources */ = {isa = PBXBuildFile; fileRef = 96E2A870217862590014D7AF /* Swift.xcdatamodeld */; };
		96E2A8742178625E0014D7AF /* Assets.xcassets in Resources */ = {isa = PBXBuildFile; fileRef = 96E2A8732178625E0014D7AF /* Assets.xcassets */; };
		96E2A8772178625E0014D7AF /* LaunchScreen.storyboard in Resources */ = {isa = PBXBuildFile; fileRef = 96E2A8752178625E0014D7AF /* LaunchScreen.storyboard */; };
		96E2A8822178625E0014D7AF /* SwiftTests.swift in Sources */ = {isa = PBXBuildFile; fileRef = 96E2A8812178625E0014D7AF /* SwiftTests.swift */; };
		96E2A88D2178625E0014D7AF /* SwiftUITests.swift in Sources */ = {isa = PBXBuildFile; fileRef = 96E2A88C2178625E0014D7AF /* SwiftUITests.swift */; };
/* End PBXBuildFile section */

/* Begin PBXContainerItemProxy section */
		96E2A87E2178625E0014D7AF /* PBXContainerItemProxy */ = {
			isa = PBXContainerItemProxy;
			containerPortal = 96E2A85E217862590014D7AF /* Project object */;
			proxyType = 1;
			remoteGlobalIDString = 96E2A865217862590014D7AF;
			remoteInfo = Swift;
		};
		96E2A8892178625E0014D7AF /* PBXContainerItemProxy */ = {
			isa = PBXContainerItemProxy;
			containerPortal = 96E2A85E217862590014D7AF /* Project object */;
			proxyType = 1;
			remoteGlobalIDString = 96E2A865217862590014D7AF;
			remoteInfo = Swift;
		};
/* End PBXContainerItemProxy section */

/* Begin PBXFileReference section */
		96E2A866217862590014D7AF /* SwiftTest.app */ = {isa = PBXFileReference; explicitFileType = wrapper.application; includeInIndex = 0; path = SwiftTest.app; sourceTree = BUILT_PRODUCTS_DIR; };
		96E2A869217862590014D7AF /* AppDelegate.swift */ = {isa = PBXFileReference; lastKnownFileType = sourcecode.swift; path = AppDelegate.swift; sourceTree = "<group>"; };
		96E2A86B217862590014D7AF /* ViewController.swift */ = {isa = PBXFileReference; lastKnownFileType = sourcecode.swift; path = ViewController.swift; sourceTree = "<group>"; };
		96E2A86E217862590014D7AF /* Base */ = {isa = PBXFileReference; lastKnownFileType = file.storyboard; name = Base; path = Base.lproj/Main.storyboard; sourceTree = "<group>"; };
		96E2A871217862590014D7AF /* Swift.xcdatamodel */ = {isa = PBXFileReference; lastKnownFileType = wrapper.xcdatamodel; path = Swift.xcdatamodel; sourceTree = "<group>"; };
		96E2A8732178625E0014D7AF /* Assets.xcassets */ = {isa = PBXFileReference; lastKnownFileType = folder.assetcatalog; path = Assets.xcassets; sourceTree = "<group>"; };
		96E2A8762178625E0014D7AF /* Base */ = {isa = PBXFileReference; lastKnownFileType = file.storyboard; name = Base; path = Base.lproj/LaunchScreen.storyboard; sourceTree = "<group>"; };
		96E2A8782178625E0014D7AF /* Info.plist */ = {isa = PBXFileReference; lastKnownFileType = text.plist.xml; path = Info.plist; sourceTree = "<group>"; };
		96E2A87D2178625E0014D7AF /* SwiftTestTests.xctest */ = {isa = PBXFileReference; explicitFileType = wrapper.cfbundle; includeInIndex = 0; path = SwiftTestTests.xctest; sourceTree = BUILT_PRODUCTS_DIR; };
		96E2A8812178625E0014D7AF /* SwiftTests.swift */ = {isa = PBXFileReference; lastKnownFileType = sourcecode.swift; path = SwiftTests.swift; sourceTree = "<group>"; };
		96E2A8832178625E0014D7AF /* Info.plist */ = {isa = PBXFileReference; lastKnownFileType = text.plist.xml; path = Info.plist; sourceTree = "<group>"; };
		96E2A8882178625E0014D7AF /* SwiftTestUITests.xctest */ = {isa = PBXFileReference; explicitFileType = wrapper.cfbundle; includeInIndex = 0; path = SwiftTestUITests.xctest; sourceTree = BUILT_PRODUCTS_DIR; };
		96E2A88C2178625E0014D7AF /* SwiftUITests.swift */ = {isa = PBXFileReference; lastKnownFileType = sourcecode.swift; path = SwiftUITests.swift; sourceTree = "<group>"; };
		96E2A88E2178625E0014D7AF /* Info.plist */ = {isa = PBXFileReference; lastKnownFileType = text.plist.xml; path = Info.plist; sourceTree = "<group>"; };
/* End PBXFileReference section */

/* Begin PBXFrameworksBuildPhase section */
		96E2A863217862590014D7AF /* Frameworks */ = {
			isa = PBXFrameworksBuildPhase;
			buildActionMask = 2147483647;
			files = (
			);
			runOnlyForDeploymentPostprocessing = 0;
		};
		96E2A87A2178625E0014D7AF /* Frameworks */ = {
			isa = PBXFrameworksBuildPhase;
			buildActionMask = 2147483647;
			files = (
			);
			runOnlyForDeploymentPostprocessing = 0;
		};
		96E2A8852178625E0014D7AF /* Frameworks */ = {
			isa = PBXFrameworksBuildPhase;
			buildActionMask = 2147483647;
			files = (
			);
			runOnlyForDeploymentPostprocessing = 0;
		};
/* End PBXFrameworksBuildPhase section */

/* Begin PBXGroup section */
		96E2A85D217862580014D7AF = {
			isa = PBXGroup;
			children = (
				96E2A868217862590014D7AF /* Swift */,
				96E2A8802178625E0014D7AF /* SwiftTests */,
				96E2A88B2178625E0014D7AF /* SwiftUITests */,
				96E2A867217862590014D7AF /* Products */,
			);
			sourceTree = "<group>";
		};
		96E2A867217862590014D7AF /* Products */ = {
			isa = PBXGroup;
			children = (
				96E2A866217862590014D7AF /* SwiftTest.app */,
				96E2A87D2178625E0014D7AF /* SwiftTestTests.xctest */,
				96E2A8882178625E0014D7AF /* SwiftTestUITests.xctest */,
			);
			name = Products;
			sourceTree = "<group>";
		};
		96E2A868217862590014D7AF /* Swift */ = {
			isa = PBXGroup;
			children = (
				96E2A869217862590014D7AF /* AppDelegate.swift */,
				96E2A86B217862590014D7AF /* ViewController.swift */,
				96E2A86D217862590014D7AF /* Main.storyboard */,
				96E2A8732178625E0014D7AF /* Assets.xcassets */,
				96E2A8752178625E0014D7AF /* LaunchScreen.storyboard */,
				96E2A8782178625E0014D7AF /* Info.plist */,
				96E2A870217862590014D7AF /* Swift.xcdatamodeld */,
			);
			path = Swift;
			sourceTree = "<group>";
		};
		96E2A8802178625E0014D7AF /* SwiftTests */ = {
			isa = PBXGroup;
			children = (
				96E2A8812178625E0014D7AF /* SwiftTests.swift */,
				96E2A8832178625E0014D7AF /* Info.plist */,
			);
			path = SwiftTests;
			sourceTree = "<group>";
		};
		96E2A88B2178625E0014D7AF /* SwiftUITests */ = {
			isa = PBXGroup;
			children = (
				96E2A88C2178625E0014D7AF /* SwiftUITests.swift */,
				96E2A88E2178625E0014D7AF /* Info.plist */,
			);
			path = SwiftUITests;
			sourceTree = "<group>";
		};
/* End PBXGroup section */

/* Begin PBXNativeTarget section */
		96E2A865217862590014D7AF /* SwiftTest */ = {
			isa = PBXNativeTarget;
			buildConfigurationList = 96E2A8912178625E0014D7AF /* Build configuration list for PBXNativeTarget "SwiftTest" */;
			buildPhases = (
				96E2A862217862590014D7AF /* Sources */,
				96E2A863217862590014D7AF /* Frameworks */,
				96E2A864217862590014D7AF /* Resources */,
			);
			buildRules = (
			);
			dependencies = (
			);
			name = SwiftTest;
			productName = Swift;
			productReference = 96E2A866217862590014D7AF /* SwiftTest.app */;
			productType = "com.apple.product-type.application";
		};
		96E2A87C2178625E0014D7AF /* SwiftTestTests */ = {
			isa = PBXNativeTarget;
			buildConfigurationList = 96E2A8942178625E0014D7AF /* Build configuration list for PBXNativeTarget "SwiftTestTests" */;
			buildPhases = (
				96E2A8792178625E0014D7AF /* Sources */,
				96E2A87A2178625E0014D7AF /* Frameworks */,
				96E2A87B2178625E0014D7AF /* Resources */,
			);
			buildRules = (
			);
			dependencies = (
				96E2A87F2178625E0014D7AF /* PBXTargetDependency */,
			);
			name = SwiftTestTests;
			productName = SwiftTests;
			productReference = 96E2A87D2178625E0014D7AF /* SwiftTestTests.xctest */;
			productType = "com.apple.product-type.bundle.unit-test";
		};
		96E2A8872178625E0014D7AF /* SwiftTestUITests */ = {
			isa = PBXNativeTarget;
			buildConfigurationList = 96E2A8972178625E0014D7AF /* Build configuration list for PBXNativeTarget "SwiftTestUITests" */;
			buildPhases = (
				96E2A8842178625E0014D7AF /* Sources */,
				96E2A8852178625E0014D7AF /* Frameworks */,
				96E2A8862178625E0014D7AF /* Resources */,
			);
			buildRules = (
			);
			dependencies = (
				96E2A88A2178625E0014D7AF /* PBXTargetDependency */,
			);
			name = SwiftTestUITests;
			productName = SwiftUITests;
			productReference = 96E2A8882178625E0014D7AF /* SwiftTestUITests.xctest */;
			productType = "com.apple.product-type.bundle.ui-testing";
		};
/* End PBXNativeTarget section */

/* Begin PBXProject section */
		96E2A85E217862590014D7AF /* Project object */ = {
			isa = PBXProject;
			attributes = {
				LastSwiftUpdateCheck = 1000;
				LastUpgradeCheck = 1000;
				ORGANIZATIONNAME = shiv;
				TargetAttributes = {
					96E2A865217862590014D7AF = {
						CreatedOnToolsVersion = 10.0;
					};
					96E2A87C2178625E0014D7AF = {
						CreatedOnToolsVersion = 10.0;
						TestTargetID = 96E2A865217862590014D7AF;
					};
					96E2A8872178625E0014D7AF = {
						CreatedOnToolsVersion = 10.0;
						TestTargetID = 96E2A865217862590014D7AF;
					};
				};
			};
			buildConfigurationList = 96E2A861217862590014D7AF /* Build configuration list for PBXProject "SwiftTest" */;
			compatibilityVersion = "Xcode 9.3";
			developmentRegion = en;
			hasScannedForEncodings = 0;
			knownRegions = (
				en,
				Base,
			);
			mainGroup = 96E2A85D217862580014D7AF;
			productRefGroup = 96E2A867217862590014D7AF /* Products */;
			projectDirPath = "";
			projectRoot = "";
			targets = (
				96E2A865217862590014D7AF /* SwiftTest */,
				96E2A87C2178625E0014D7AF /* SwiftTestTests */,
				96E2A8872178625E0014D7AF /* SwiftTestUITests */,
			);
		};
/* End PBXProject section */

/* Begin PBXResourcesBuildPhase section */
		96E2A864217862590014D7AF /* Resources */ = {
			isa = PBXResourcesBuildPhase;
			buildActionMask = 2147483647;
			files = (
				96E2A8772178625E0014D7AF /* LaunchScreen.storyboard in Resources */,
				96E2A8742178625E0014D7AF /* Assets.xcassets in Resources */,
				96E2A86F217862590014D7AF /* Main.storyboard in Resources */,
			);
			runOnlyForDeploymentPostprocessing = 0;
		};
		96E2A87B2178625E0014D7AF /* Resources */ = {
			isa = PBXResourcesBuildPhase;
			buildActionMask = 2147483647;
			files = (
			);
			runOnlyForDeploymentPostprocessing = 0;
		};
		96E2A8862178625E0014D7AF /* Resources */ = {
			isa = PBXResourcesBuildPhase;
			buildActionMask = 2147483647;
			files = (
			);
			runOnlyForDeploymentPostprocessing = 0;
		};
/* End PBXResourcesBuildPhase section */

/* Begin PBXSourcesBuildPhase section */
		96E2A862217862590014D7AF /* Sources */ = {
			isa = PBXSourcesBuildPhase;
			buildActionMask = 2147483647;
			files = (
				96E2A86C217862590014D7AF /* ViewController.swift in Sources */,
				96E2A86A217862590014D7AF /* AppDelegate.swift in Sources */,
				96E2A872217862590014D7AF /* Swift.xcdatamodeld in Sources */,
			);
			runOnlyForDeploymentPostprocessing = 0;
		};
		96E2A8792178625E0014D7AF /* Sources */ = {
			isa = PBXSourcesBuildPhase;
			buildActionMask = 2147483647;
			files = (
				96E2A8822178625E0014D7AF /* SwiftTests.swift in Sources */,
			);
			runOnlyForDeploymentPostprocessing = 0;
		};
		96E2A8842178625E0014D7AF /* Sources */ = {
			isa = PBXSourcesBuildPhase;
			buildActionMask = 2147483647;
			files = (
				96E2A88D2178625E0014D7AF /* SwiftUITests.swift in Sources */,
			);
			runOnlyForDeploymentPostprocessing = 0;
		};
/* End PBXSourcesBuildPhase section */

/* Begin PBXTargetDependency section */
		96E2A87F2178625E0014D7AF /* PBXTargetDependency */ = {
			isa = PBXTargetDependency;
			target = 96E2A865217862590014D7AF /* SwiftTest */;
			targetProxy = 96E2A87E2178625E0014D7AF /* PBXContainerItemProxy */;
		};
		96E2A88A2178625E0014D7AF /* PBXTargetDependency */ = {
			isa = PBXTargetDependency;
			target = 96E2A865217862590014D7AF /* SwiftTest */;
			targetProxy = 96E2A8892178625E0014D7AF /* PBXContainerItemProxy */;
		};
/* End PBXTargetDependency section */

/* Begin PBXVariantGroup section */
		96E2A86D217862590014D7AF /* Main.storyboard */ = {
			isa = PBXVariantGroup;
			children = (
				96E2A86E217862590014D7AF /* Base */,
			);
			name = Main.storyboard;
			sourceTree = "<group>";
		};
		96E2A8752178625E0014D7AF /* LaunchScreen.storyboard */ = {
			isa = PBXVariantGroup;
			children = (
				96E2A8762178625E0014D7AF /* Base */,
			);
			name = LaunchScreen.storyboard;
			sourceTree = "<group>";
		};
/* End PBXVariantGroup section */

/* Begin XCBuildConfiguration section */
		96E2A88F2178625E0014D7AF /* Debug */ = {
			isa = XCBuildConfiguration;
			buildSettings = {
				ALWAYS_SEARCH_USER_PATHS = NO;
				CLANG_ANALYZER_NONNULL = YES;
				CLANG_ANALYZER_NUMBER_OBJECT_CONVERSION = YES_AGGRESSIVE;
				CLANG_CXX_LANGUAGE_STANDARD = "gnu++14";
				CLANG_CXX_LIBRARY = "libc++";
				CLANG_ENABLE_MODULES = YES;
				CLANG_ENABLE_OBJC_ARC = YES;
				CLANG_ENABLE_OBJC_WEAK = YES;
				CLANG_WARN_BLOCK_CAPTURE_AUTORELEASING = YES;
				CLANG_WARN_BOOL_CONVERSION = YES;
				CLANG_WARN_COMMA = YES;
				CLANG_WARN_CONSTANT_CONVERSION = YES;
				CLANG_WARN_DEPRECATED_OBJC_IMPLEMENTATIONS = YES;
				CLANG_WARN_DIRECT_OBJC_ISA_USAGE = YES_ERROR;
				CLANG_WARN_DOCUMENTATION_COMMENTS = YES;
				CLANG_WARN_EMPTY_BODY = YES;
				CLANG_WARN_ENUM_CONVERSION = YES;
				CLANG_WARN_INFINITE_RECURSION = YES;
				CLANG_WARN_INT_CONVERSION = YES;
				CLANG_WARN_NON_LITERAL_NULL_CONVERSION = YES;
				CLANG_WARN_OBJC_IMPLICIT_RETAIN_SELF = YES;
				CLANG_WARN_OBJC_LITERAL_CONVERSION = YES;
				CLANG_WARN_OBJC_ROOT_CLASS = YES_ERROR;
				CLANG_WARN_RANGE_LOOP_ANALYSIS = YES;
				CLANG_WARN_STRICT_PROTOTYPES = YES;
				CLANG_WARN_SUSPICIOUS_MOVE = YES;
				CLANG_WARN_UNGUARDED_AVAILABILITY = YES_AGGRESSIVE;
				CLANG_WARN_UNREACHABLE_CODE = YES;
				CLANG_WARN__DUPLICATE_METHOD_MATCH = YES;
				CODE_SIGN_IDENTITY = "iPhone Developer";
				COPY_PHASE_STRIP = NO;
				DEBUG_INFORMATION_FORMAT = dwarf;
				ENABLE_STRICT_OBJC_MSGSEND = YES;
				ENABLE_TESTABILITY = YES;
				GCC_C_LANGUAGE_STANDARD = gnu11;
				GCC_DYNAMIC_NO_PIC = NO;
				GCC_NO_COMMON_BLOCKS = YES;
				GCC_OPTIMIZATION_LEVEL = 0;
				GCC_PREPROCESSOR_DEFINITIONS = (
					"DEBUG=1",
					"$(inherited)",
				);
				GCC_WARN_64_TO_32_BIT_CONVERSION = YES;
				GCC_WARN_ABOUT_RETURN_TYPE = YES_ERROR;
				GCC_WARN_UNDECLARED_SELECTOR = YES;
				GCC_WARN_UNINITIALIZED_AUTOS = YES_AGGRESSIVE;
				GCC_WARN_UNUSED_FUNCTION = YES;
				GCC_WARN_UNUSED_VARIABLE = YES;
				IPHONEOS_DEPLOYMENT_TARGET = 12.0;
				MTL_ENABLE_DEBUG_INFO = INCLUDE_SOURCE;
				MTL_FAST_MATH = YES;
				ONLY_ACTIVE_ARCH = YES;
				SDKROOT = iphoneos;
				SWIFT_ACTIVE_COMPILATION_CONDITIONS = DEBUG;
				SWIFT_OPTIMIZATION_LEVEL = "-Onone";
			};
			name = Debug;
		};
		96E2A8902178625E0014D7AF /* Release */ = {
			isa = XCBuildConfiguration;
			buildSettings = {
				ALWAYS_SEARCH_USER_PATHS = NO;
				CLANG_ANALYZER_NONNULL = YES;
				CLANG_ANALYZER_NUMBER_OBJECT_CONVERSION = YES_AGGRESSIVE;
				CLANG_CXX_LANGUAGE_STANDARD = "gnu++14";
				CLANG_CXX_LIBRARY = "libc++";
				CLANG_ENABLE_MODULES = YES;
				CLANG_ENABLE_OBJC_ARC = YES;
				CLANG_ENABLE_OBJC_WEAK = YES;
				CLANG_WARN_BLOCK_CAPTURE_AUTORELEASING = YES;
				CLANG_WARN_BOOL_CONVERSION = YES;
				CLANG_WARN_COMMA = YES;
				CLANG_WARN_CONSTANT_CONVERSION = YES;
				CLANG_WARN_DEPRECATED_OBJC_IMPLEMENTATIONS = YES;
				CLANG_WARN_DIRECT_OBJC_ISA_USAGE = YES_ERROR;
				CLANG_WARN_DOCUMENTATION_COMMENTS = YES;
				CLANG_WARN_EMPTY_BODY = YES;
				CLANG_WARN_ENUM_CONVERSION = YES;
				CLANG_WARN_INFINITE_RECURSION = YES;
				CLANG_WARN_INT_CONVERSION = YES;
				CLANG_WARN_NON_LITERAL_NULL_CONVERSION = YES;
				CLANG_WARN_OBJC_IMPLICIT_RETAIN_SELF = YES;
				CLANG_WARN_OBJC_LITERAL_CONVERSION = YES;
				CLANG_WARN_OBJC_ROOT_CLASS = YES_ERROR;
				CLANG_WARN_RANGE_LOOP_ANALYSIS = YES;
				CLANG_WARN_STRICT_PROTOTYPES = YES;
				CLANG_WARN_SUSPICIOUS_MOVE = YES;
				CLANG_WARN_UNGUARDED_AVAILABILITY = YES_AGGRESSIVE;
				CLANG_WARN_UNREACHABLE_CODE = YES;
				CLANG_WARN__DUPLICATE_METHOD_MATCH = YES;
				CODE_SIGN_IDENTITY = "iPhone Developer";
				COPY_PHASE_STRIP = NO;
				DEBUG_INFORMATION_FORMAT = "dwarf-with-dsym";
				ENABLE_NS_ASSERTIONS = NO;
				ENABLE_STRICT_OBJC_MSGSEND = YES;
				GCC_C_LANGUAGE_STANDARD = gnu11;
				GCC_NO_COMMON_BLOCKS = YES;
				GCC_WARN_64_TO_32_BIT_CONVERSION = YES;
				GCC_WARN_ABOUT_RETURN_TYPE = YES_ERROR;
				GCC_WARN_UNDECLARED_SELECTOR = YES;
				GCC_WARN_UNINITIALIZED_AUTOS = YES_AGGRESSIVE;
				GCC_WARN_UNUSED_FUNCTION = YES;
				GCC_WARN_UNUSED_VARIABLE = YES;
				IPHONEOS_DEPLOYMENT_TARGET = 12.0;
				MTL_ENABLE_DEBUG_INFO = NO;
				MTL_FAST_MATH = YES;
				SDKROOT = iphoneos;
				SWIFT_COMPILATION_MODE = wholemodule;
				SWIFT_OPTIMIZATION_LEVEL = "-O";
				VALIDATE_PRODUCT = YES;
			};
			name = Release;
		};
		96E2A8922178625E0014D7AF /* Debug */ = {
			isa = XCBuildConfiguration;
			buildSettings = {
				ASSETCATALOG_COMPILER_APPICON_NAME = AppIcon;
				CODE_SIGN_STYLE = Automatic;
				DEVELOPMENT_TEAM = 5P76PBE55F;
				INFOPLIST_FILE = Swift/Info.plist;
				IPHONEOS_DEPLOYMENT_TARGET = 11.2;
				LD_RUNPATH_SEARCH_PATHS = (
					"$(inherited)",
					"@executable_path/Frameworks",
				);
				PRODUCT_BUNDLE_IDENTIFIER = shiv.Swift;
				PRODUCT_NAME = "$(TARGET_NAME)";
				SWIFT_VERSION = 4.2;
				TARGETED_DEVICE_FAMILY = "1,2";
			};
			name = Debug;
		};
		96E2A8932178625E0014D7AF /* Release */ = {
			isa = XCBuildConfiguration;
			buildSettings = {
				ASSETCATALOG_COMPILER_APPICON_NAME = AppIcon;
				CODE_SIGN_STYLE = Automatic;
				DEVELOPMENT_TEAM = 5P76PBE55F;
				INFOPLIST_FILE = Swift/Info.plist;
				IPHONEOS_DEPLOYMENT_TARGET = 11.2;
				LD_RUNPATH_SEARCH_PATHS = (
					"$(inherited)",
					"@executable_path/Frameworks",
				);
				PRODUCT_BUNDLE_IDENTIFIER = shiv.Swift;
				PRODUCT_NAME = "$(TARGET_NAME)";
				SWIFT_VERSION = 4.2;
				TARGETED_DEVICE_FAMILY = "1,2";
			};
			name = Release;
		};
		96E2A8952178625E0014D7AF /* Debug */ = {
			isa = XCBuildConfiguration;
			buildSettings = {
				ALWAYS_EMBED_SWIFT_STANDARD_LIBRARIES = YES;
				BUNDLE_LOADER = "$(TEST_HOST)";
				CODE_SIGN_STYLE = Automatic;
				DEVELOPMENT_TEAM = 5P76PBE55F;
				INFOPLIST_FILE = SwiftTests/Info.plist;
				LD_RUNPATH_SEARCH_PATHS = (
					"$(inherited)",
					"@executable_path/Frameworks",
					"@loader_path/Frameworks",
				);
				PRODUCT_BUNDLE_IDENTIFIER = shiv.SwiftTests;
				PRODUCT_NAME = "$(TARGET_NAME)";
				SWIFT_VERSION = 4.2;
				TARGETED_DEVICE_FAMILY = "1,2";
				TEST_HOST = "$(BUILT_PRODUCTS_DIR)/SwiftTest.app/SwiftTest";
			};
			name = Debug;
		};
		96E2A8962178625E0014D7AF /* Release */ = {
			isa = XCBuildConfiguration;
			buildSettings = {
				ALWAYS_EMBED_SWIFT_STANDARD_LIBRARIES = YES;
				BUNDLE_LOADER = "$(TEST_HOST)";
				CODE_SIGN_STYLE = Automatic;
				DEVELOPMENT_TEAM = 5P76PBE55F;
				INFOPLIST_FILE = SwiftTests/Info.plist;
				LD_RUNPATH_SEARCH_PATHS = (
					"$(inherited)",
					"@executable_path/Frameworks",
					"@loader_path/Frameworks",
				);
				PRODUCT_BUNDLE_IDENTIFIER = shiv.SwiftTests;
				PRODUCT_NAME = "$(TARGET_NAME)";
				SWIFT_VERSION = 4.2;
				TARGETED_DEVICE_FAMILY = "1,2";
				TEST_HOST = "$(BUILT_PRODUCTS_DIR)/SwiftTest.app/SwiftTest";
			};
			name = Release;
		};
		96E2A8982178625E0014D7AF /* Debug */ = {
			isa = XCBuildConfiguration;
			buildSettings = {
				ALWAYS_EMBED_SWIFT_STANDARD_LIBRARIES = YES;
				CODE_SIGN_STYLE = Automatic;
				DEVELOPMENT_TEAM = 5P76PBE55F;
				INFOPLIST_FILE = SwiftUITests/Info.plist;
				LD_RUNPATH_SEARCH_PATHS = (
					"$(inherited)",
					"@executable_path/Frameworks",
					"@loader_path/Frameworks",
				);
				PRODUCT_BUNDLE_IDENTIFIER = shiv.SwiftUITests;
				PRODUCT_NAME = "$(TARGET_NAME)";
				SWIFT_VERSION = 4.2;
				TARGETED_DEVICE_FAMILY = "1,2";
				TEST_TARGET_NAME = Swift;
			};
			name = Debug;
		};
		96E2A8992178625E0014D7AF /* Release */ = {
			isa = XCBuildConfiguration;
			buildSettings = {
				ALWAYS_EMBED_SWIFT_STANDARD_LIBRARIES = YES;
				CODE_SIGN_STYLE = Automatic;
				DEVELOPMENT_TEAM = 5P76PBE55F;
				INFOPLIST_FILE = SwiftUITests/Info.plist;
				LD_RUNPATH_SEARCH_PATHS = (
					"$(inherited)",
					"@executable_path/Frameworks",
					"@loader_path/Frameworks",
				);
				PRODUCT_BUNDLE_IDENTIFIER = shiv.SwiftUITests;
				PRODUCT_NAME = "$(TARGET_NAME)";
				SWIFT_VERSION = 4.2;
				TARGETED_DEVICE_FAMILY = "1,2";
				TEST_TARGET_NAME = Swift;
			};
			name = Release;
		};
/* End XCBuildConfiguration section */

/* Begin XCConfigurationList section */
		96E2A861217862590014D7AF /* Build configuration list for PBXProject "SwiftTest" */ = {
			isa = XCConfigurationList;
			buildConfigurations = (
				96E2A88F2178625E0014D7AF /* Debug */,
				96E2A8902178625E0014D7AF /* Release */,
			);
			defaultConfigurationIsVisible = 0;
			defaultConfigurationName = Release;
		};
		96E2A8912178625E0014D7AF /* Build configuration list for PBXNativeTarget "SwiftTest" */ = {
			isa = XCConfigurationList;
			buildConfigurations = (
				96E2A8922178625E0014D7AF /* Debug */,
				96E2A8932178625E0014D7AF /* Release */,
			);
			defaultConfigurationIsVisible = 0;
			defaultConfigurationName = Release;
		};
		96E2A8942178625E0014D7AF /* Build configuration list for PBXNativeTarget "SwiftTestTests" */ = {
			isa = XCConfigurationList;
			buildConfigurations = (
				96E2A8952178625E0014D7AF /* Debug */,
				96E2A8962178625E0014D7AF /* Release */,
			);
			defaultConfigurationIsVisible = 0;
			defaultConfigurationName = Release;
		};
		96E2A8972178625E0014D7AF /* Build configuration list for PBXNativeTarget "SwiftTestUITests" */ = {
			isa = XCConfigurationList;
			buildConfigurations = (
				96E2A8982178625E0014D7AF /* Debug */,
				96E2A8992178625E0014D7AF /* Release */,
			);
			defaultConfigurationIsVisible = 0;
			defaultConfigurationName = Release;
		};
/* End XCConfigurationList section */

/* Begin XCVersionGroup section */
		96E2A870217862590014D7AF /* Swift.xcdatamodeld */ = {
			isa = XCVersionGroup;
			children = (
				96E2A871217862590014D7AF /* Swift.xcdatamodel */,
			);
			currentVersion = 96E2A871217862590014D7AF /* Swift.xcdatamodel */;
			path = Swift.xcdatamodeld;
			sourceTree = "<group>";
			versionGroupType = wrapper.xcdatamodel;
		};
/* End XCVersionGroup section */
	};
	rootObject = 96E2A85E217862590014D7AF /* Project object */;
}
